Microsoft Visual Studio Solution File, Format Version 12.00
# Visual Studio 15
VisualStudioVersion = 15.0.27130.2027
MinimumVisualStudioVersion = 10.0.40219.1
Project("{9A19103F-16F7-4668-BE54-9A1E7A4F7556}") = "Runner.Application", "Runner.Application\Runner.Application.csproj", "{823CF5C4-6420-4284-9A14-47CBAF8D70E3}"
EndProject
Project("{9A19103F-16F7-4668-BE54-9A1E7A4F7556}") = "Runner.Domain", "Runner.Domain\Runner.Domain.csproj", "{37F88834-7750-4EF4-B620-182D204231A8}"
EndProject
Project("{9A19103F-16F7-4668-BE54-9A1E7A4F7556}") = "Runner.Infrastructure", "Runner.Infrastructure\Runner.Infrastructure.csproj", "{683AC09B-2115-41A8-B0D1-E9149756E912}"
EndProject
Project("{FAE04EC0-301F-11D3-BF4B-00C04F79EFBC}") = "Runner.WorkerConsole", "Runner.WorkerConsole\Runner.WorkerConsole.csproj", "{32B0F302-3359-49C7-BA96-9D1CBBB2C82A}"
EndProject
Project("{FAE04EC0-301F-11D3-BF4B-00C04F79EFBC}") = "Runner.OrderWebApi", "Runner.OrderWebApi\Runner.OrderWebApi.csproj", "{E8B5E77B-8D9B-40FD-9088-4337B234B338}"
EndProject
Global
	GlobalSection(SolutionConfigurationPlatforms) = preSolution
		Debug|Any CPU = Debug|Any CPU
		Debug|x64 = Debug|x64
		Debug|x86 = Debug|x86
		Release|Any CPU = Release|Any CPU
		Release|x64 = Release|x64
		Release|x86 = Release|x86
	EndGlobalSection
	GlobalSection(ProjectConfigurationPlatforms) = postSolution
		{823CF5C4-6420-4284-9A14-47CBAF8D70E3}.Debug|Any CPU.ActiveCfg = Debug|Any CPU
		{823CF5C4-6420-4284-9A14-47CBAF8D70E3}.Debug|Any CPU.Build.0 = Debug|Any CPU
		{823CF5C4-6420-4284-9A14-47CBAF8D70E3}.Debug|x64.ActiveCfg = Debug|Any CPU
		{823CF5C4-6420-4284-9A14-47CBAF8D70E3}.Debug|x64.Build.0 = Debug|Any CPU
		{823CF5C4-6420-4284-9A14-47CBAF8D70E3}.Debug|x86.ActiveCfg = Debug|Any CPU
		{823CF5C4-6420-4284-9A14-47CBAF8D70E3}.Debug|x86.Build.0 = Debug|Any CPU
		{823CF5C4-6420-4284-9A14-47CBAF8D70E3}.Release|Any CPU.ActiveCfg = Release|Any CPU
		{823CF5C4-6420-4284-9A14-47CBAF8D70E3}.Release|Any CPU.Build.0 = Release|Any CPU
		{823CF5C4-6420-4284-9A14-47CBAF8D70E3}.Release|x64.ActiveCfg = Release|Any CPU
		{823CF5C4-6420-4284-9A14-47CBAF8D70E3}.Release|x64.Build.0 = Release|Any CPU
		{823CF5C4-6420-4284-9A14-47CBAF8D70E3}.Release|x86.ActiveCfg = Release|Any CPU
		{823CF5C4-6420-4284-9A14-47CBAF8D70E3}.Release|x86.Build.0 = Release|Any CPU
		{37F88834-7750-4EF4-B620-182D204231A8}.Debug|Any CPU.ActiveCfg = Debug|Any CPU
		{37F88834-7750-4EF4-B620-182D204231A8}.Debug|Any CPU.Build.0 = Debug|Any CPU
		{37F88834-7750-4EF4-B620-182D204231A8}.Debug|x64.ActiveCfg = Debug|Any CPU
		{37F88834-7750-4EF4-B620-182D204231A8}.Debug|x64.Build.0 = Debug|Any CPU
		{37F88834-7750-4EF4-B620-182D204231A8}.Debug|x86.ActiveCfg = Debug|Any CPU
		{37F88834-7750-4EF4-B620-182D204231A8}.Debug|x86.Build.0 = Debug|Any CPU
		{37F88834-7750-4EF4-B620-182D204231A8}.Release|Any CPU.ActiveCfg = Release|Any CPU
		{37F88834-7750-4EF4-B620-182D204231A8}.Release|Any CPU.Build.0 = Release|Any CPU
		{37F88834-7750-4EF4-B620-182D204231A8}.Release|x64.ActiveCfg = Release|Any CPU
		{37F88834-7750-4EF4-B620-182D204231A8}.Release|x64.Build.0 = Release|Any CPU
		{37F88834-7750-4EF4-B620-182D204231A8}.Release|x86.ActiveCfg = Release|Any CPU
		{37F88834-7750-4EF4-B620-182D204231A8}.Release|x86.Build.0 = Release|Any CPU
		{683AC09B-2115-41A8-B0D1-E9149756E912}.Debug|Any CPU.ActiveCfg = Debug|Any CPU
		{683AC09B-2115-41A8-B0D1-E9149756E912}.Debug|Any CPU.Build.0 = Debug|Any CPU
		{683AC09B-2115-41A8-B0D1-E9149756E912}.Debug|x64.ActiveCfg = Debug|Any CPU
		{683AC09B-2115-41A8-B0D1-E9149756E912}.Debug|x64.Build.0 = Debug|Any CPU
		{683AC09B-2115-41A8-B0D1-E9149756E912}.Debug|x86.ActiveCfg = Debug|Any CPU
		{683AC09B-2115-41A8-B0D1-E9149756E912}.Debug|x86.Build.0 = Debug|Any CPU
		{683AC09B-2115-41A8-B0D1-E9149756E912}.Release|Any CPU.ActiveCfg = Release|Any CPU
		{683AC09B-2115-41A8-B0D1-E9149756E912}.Release|Any CPU.Build.0 = Release|Any CPU
		{683AC09B-2115-41A8-B0D1-E9149756E912}.Release|x64.ActiveCfg = Release|Any CPU
		{683AC09B-2115-41A8-B0D1-E9149756E912}.Release|x64.Build.0 = Release|Any CPU
		{683AC09B-2115-41A8-B0D1-E9149756E912}.Release|x86.ActiveCfg = Release|Any CPU
		{683AC09B-2115-41A8-B0D1-E9149756E912}.Release|x86.Build.0 = Release|Any CPU
		{32B0F302-3359-49C7-BA96-9D1CBBB2C82A}.Debug|Any CPU.ActiveCfg = Debug|Any CPU
		{32B0F302-3359-49C7-BA96-9D1CBBB2C82A}.Debug|Any CPU.Build.0 = Debug|Any CPU
		{32B0F302-3359-49C7-BA96-9D1CBBB2C82A}.Debug|x64.ActiveCfg = Debug|Any CPU
		{32B0F302-3359-49C7-BA96-9D1CBBB2C82A}.Debug|x64.Build.0 = Debug|Any CPU
		{32B0F302-3359-49C7-BA96-9D1CBBB2C82A}.Debug|x86.ActiveCfg = Debug|Any CPU
		{32B0F302-3359-49C7-BA96-9D1CBBB2C82A}.Debug|x86.Build.0 = Debug|Any CPU
		{32B0F302-3359-49C7-BA96-9D1CBBB2C82A}.Release|Any CPU.ActiveCfg = Release|Any CPU
		{32B0F302-3359-49C7-BA96-9D1CBBB2C82A}.Release|Any CPU.Build.0 = Release|Any CPU
		{32B0F302-3359-49C7-BA96-9D1CBBB2C82A}.Release|x64.ActiveCfg = Release|Any CPU
		{32B0F302-3359-49C7-BA96-9D1CBBB2C82A}.Release|x64.Build.0 = Release|Any CPU
		{32B0F302-3359-49C7-BA96-9D1CBBB2C82A}.Release|x86.ActiveCfg = Release|Any CPU
		{32B0F302-3359-49C7-BA96-9D1CBBB2C82A}.Release|x86.Build.0 = Release|Any CPU
		{E8B5E77B-8D9B-40FD-9088-4337B234B338}.Debug|Any CPU.ActiveCfg = Debug|Any CPU
		{E8B5E77B-8D9B-40FD-9088-4337B234B338}.Debug|Any CPU.Build.0 = Debug|Any CPU
		{E8B5E77B-8D9B-40FD-9088-4337B234B338}.Debug|x64.ActiveCfg = Debug|Any CPU
		{E8B5E77B-8D9B-40FD-9088-4337B234B338}.Debug|x64.Build.0 = Debug|Any CPU
		{E8B5E77B-8D9B-40FD-9088-4337B234B338}.Debug|x86.ActiveCfg = Debug|Any CPU
		{E8B5E77B-8D9B-40FD-9088-4337B234B338}.Debug|x86.Build.0 = Debug|Any CPU
		{E8B5E77B-8D9B-40FD-9088-4337B234B338}.Release|Any CPU.ActiveCfg = Release|Any CPU
		{E8B5E77B-8D9B-40FD-9088-4337B234B338}.Release|Any CPU.Build.0 = Release|Any CPU
		{E8B5E77B-8D9B-40FD-9088-4337B234B338}.Release|x64.ActiveCfg = Release|Any CPU
		{E8B5E77B-8D9B-40FD-9088-4337B234B338}.Release|x64.Build.0 = Release|Any CPU
		{E8B5E77B-8D9B-40FD-9088-4337B234B338}.Release|x86.ActiveCfg = Release|Any CPU
		{E8B5E77B-8D9B-40FD-9088-4337B234B338}.Release|x86.Build.0 = Release|Any CPU
	EndGlobalSection
	GlobalSection(SolutionProperties) = preSolution
		HideSolutionNode = FALSE
	EndGlobalSection
	GlobalSection(ExtensibilityGlobals) = postSolution
		SolutionGuid = {0994A11A-29D3-49D4-933C-793CD91A411C}
	EndGlobalSection
EndGlobal
