Microsoft Visual Studio Solution File, Format Version 12.00
# Visual Studio 15
VisualStudioVersion = 15.0.27130.2027
MinimumVisualStudioVersion = 10.0.40219.1
Project("{9A19103F-16F7-4668-BE54-9A1E7A4F7556}") = "Runner.Application", "..\Runner.Application\Runner.Application.csproj", "{042D3589-F567-4298-AFD6-5F071FF1C457}"
EndProject
Project("{9A19103F-16F7-4668-BE54-9A1E7A4F7556}") = "Runner.Domain", "..\Runner.Domain\Runner.Domain.csproj", "{AB316984-4AE1-4698-959F-FAFDB59042D1}"
EndProject
Project("{9A19103F-16F7-4668-BE54-9A1E7A4F7556}") = "Runner.Infrastructure", "..\Runner.Infrastructure\Runner.Infrastructure.csproj", "{1548AFEC-F928-48C4-ACD0-CE47029D44E7}"
EndProject
Project("{9A19103F-16F7-4668-BE54-9A1E7A4F7556}") = "Runner.WorkerConsole", "..\Runner.WorkerConsole\Runner.WorkerConsole.csproj", "{FD2B261D-290F-4716-9BB7-CDA3C6F6AB00}"
EndProject
Project("{E53339B2-1760-4266-BCC7-CA923CBCF16C}") = "docker-compose", "docker-compose.dcproj", "{05C19889-2396-4DD8-A8B4-7E2739BBD1F2}"
EndProject
Global
	GlobalSection(SolutionConfigurationPlatforms) = preSolution
		Debug|Any CPU = Debug|Any CPU
		Release|Any CPU = Release|Any CPU
	EndGlobalSection
	GlobalSection(ProjectConfigurationPlatforms) = postSolution
		{042D3589-F567-4298-AFD6-5F071FF1C457}.Debug|Any CPU.ActiveCfg = Debug|Any CPU
		{042D3589-F567-4298-AFD6-5F071FF1C457}.Debug|Any CPU.Build.0 = Debug|Any CPU
		{042D3589-F567-4298-AFD6-5F071FF1C457}.Release|Any CPU.ActiveCfg = Release|Any CPU
		{042D3589-F567-4298-AFD6-5F071FF1C457}.Release|Any CPU.Build.0 = Release|Any CPU
		{AB316984-4AE1-4698-959F-FAFDB59042D1}.Debug|Any CPU.ActiveCfg = Debug|Any CPU
		{AB316984-4AE1-4698-959F-FAFDB59042D1}.Debug|Any CPU.Build.0 = Debug|Any CPU
		{AB316984-4AE1-4698-959F-FAFDB59042D1}.Release|Any CPU.ActiveCfg = Release|Any CPU
		{AB316984-4AE1-4698-959F-FAFDB59042D1}.Release|Any CPU.Build.0 = Release|Any CPU
		{1548AFEC-F928-48C4-ACD0-CE47029D44E7}.Debug|Any CPU.ActiveCfg = Debug|Any CPU
		{1548AFEC-F928-48C4-ACD0-CE47029D44E7}.Debug|Any CPU.Build.0 = Debug|Any CPU
		{1548AFEC-F928-48C4-ACD0-CE47029D44E7}.Release|Any CPU.ActiveCfg = Release|Any CPU
		{1548AFEC-F928-48C4-ACD0-CE47029D44E7}.Release|Any CPU.Build.0 = Release|Any CPU
		{FD2B261D-290F-4716-9BB7-CDA3C6F6AB00}.Debug|Any CPU.ActiveCfg = Debug|Any CPU
		{FD2B261D-290F-4716-9BB7-CDA3C6F6AB00}.Debug|Any CPU.Build.0 = Debug|Any CPU
		{FD2B261D-290F-4716-9BB7-CDA3C6F6AB00}.Release|Any CPU.ActiveCfg = Release|Any CPU
		{FD2B261D-290F-4716-9BB7-CDA3C6F6AB00}.Release|Any CPU.Build.0 = Release|Any CPU
		{05C19889-2396-4DD8-A8B4-7E2739BBD1F2}.Debug|Any CPU.ActiveCfg = Debug|Any CPU
		{05C19889-2396-4DD8-A8B4-7E2739BBD1F2}.Debug|Any CPU.Build.0 = Debug|Any CPU
		{05C19889-2396-4DD8-A8B4-7E2739BBD1F2}.Release|Any CPU.ActiveCfg = Release|Any CPU
		{05C19889-2396-4DD8-A8B4-7E2739BBD1F2}.Release|Any CPU.Build.0 = Release|Any CPU
	EndGlobalSection
	GlobalSection(SolutionProperties) = preSolution
		HideSolutionNode = FALSE
	EndGlobalSection
	GlobalSection(ExtensibilityGlobals) = postSolution
		SolutionGuid = {0994A11A-29D3-49D4-933C-793CD91A411C}
	EndGlobalSection
EndGlobal
