
Microsoft Visual Studio Solution File, Format Version 12.00
# Visual Studio 15
VisualStudioVersion = 15.0.27130.2027
MinimumVisualStudioVersion = 10.0.40219.1
Project("{9A19103F-16F7-4668-BE54-9A1E7A4F7556}") = "Web", "Web\Web.csproj", "{11DC6CF4-6DA2-46C0-8882-31BEF9C1B1D8}"
EndProject
Global
	GlobalSection(SolutionConfigurationPlatforms) = preSolution
		Debug|Any CPU = Debug|Any CPU
		Release|Any CPU = Release|Any CPU
	EndGlobalSection
	GlobalSection(ProjectConfigurationPlatforms) = postSolution
		{11DC6CF4-6DA2-46C0-8882-31BEF9C1B1D8}.Debug|Any CPU.ActiveCfg = Debug|Any CPU
		{11DC6CF4-6DA2-46C0-8882-31BEF9C1B1D8}.Debug|Any CPU.Build.0 = Debug|Any CPU
		{11DC6CF4-6DA2-46C0-8882-31BEF9C1B1D8}.Release|Any CPU.ActiveCfg = Release|Any CPU
		{11DC6CF4-6DA2-46C0-8882-31BEF9C1B1D8}.Release|Any CPU.Build.0 = Release|Any CPU
	EndGlobalSection
	GlobalSection(SolutionProperties) = preSolution
		HideSolutionNode = FALSE
	EndGlobalSection
	GlobalSection(ExtensibilityGlobals) = postSolution
		SolutionGuid = {4CBA6851-808E-4353-B554-CBD2AB8E614F}
	EndGlobalSection
EndGlobal
